
Microsoft Visual Studio Solution File, Format Version 12.00
# Visual Studio Version 17
VisualStudioVersion = 17.11.35222.181
MinimumVisualStudioVersion = 10.0.40219.1
Project("{FAE04EC0-301F-11D3-BF4B-00C04F79EFBC}") = "PastaPizzaNet", "PastaPizzaNet\PastaPizzaNet.csproj", "{5CDF7AEB-1F76-40AF-90B9-E86F5E537024}"
EndProject
Global
	GlobalSection(SolutionConfigurationPlatforms) = preSolution
		Debug|Any CPU = Debug|Any CPU
		Release|Any CPU = Release|Any CPU
	EndGlobalSection
	GlobalSection(ProjectConfigurationPlatforms) = postSolution
		{5CDF7AEB-1F76-40AF-90B9-E86F5E537024}.Debug|Any CPU.ActiveCfg = Debug|Any CPU
		{5CDF7AEB-1F76-40AF-90B9-E86F5E537024}.Debug|Any CPU.Build.0 = Debug|Any CPU
		{5CDF7AEB-1F76-40AF-90B9-E86F5E537024}.Release|Any CPU.ActiveCfg = Release|Any CPU
		{5CDF7AEB-1F76-40AF-90B9-E86F5E537024}.Release|Any CPU.Build.0 = Release|Any CPU
	EndGlobalSection
	GlobalSection(SolutionProperties) = preSolution
		HideSolutionNode = FALSE
	EndGlobalSection
	GlobalSection(ExtensibilityGlobals) = postSolution
		SolutionGuid = {FDF8DFC2-E9CF-41DA-9BA7-538382AD58C3}
	EndGlobalSection
EndGlobal
